
Microsoft Visual Studio Solution File, Format Version 12.00
# Visual Studio Version 16
VisualStudioVersion = 16.0.29709.97
MinimumVisualStudioVersion = 10.0.40219.1
Project("{FAE04EC0-301F-11D3-BF4B-00C04F79EFBC}") = "ypr3.2", "ypr3.2.csproj", "{70439EDF-9ED4-4669-AB55-1E295187B1DD}"
EndProject
Global
	GlobalSection(SolutionConfigurationPlatforms) = preSolution
		Debug|Any CPU = Debug|Any CPU
		Release|Any CPU = Release|Any CPU
	EndGlobalSection
	GlobalSection(ProjectConfigurationPlatforms) = postSolution
		{70439EDF-9ED4-4669-AB55-1E295187B1DD}.Debug|Any CPU.ActiveCfg = Debug|Any CPU
		{70439EDF-9ED4-4669-AB55-1E295187B1DD}.Debug|Any CPU.Build.0 = Debug|Any CPU
		{70439EDF-9ED4-4669-AB55-1E295187B1DD}.Release|Any CPU.ActiveCfg = Release|Any CPU
		{70439EDF-9ED4-4669-AB55-1E295187B1DD}.Release|Any CPU.Build.0 = Release|Any CPU
	EndGlobalSection
	GlobalSection(SolutionProperties) = preSolution
		HideSolutionNode = FALSE
	EndGlobalSection
	GlobalSection(ExtensibilityGlobals) = postSolution
		SolutionGuid = {01F3EF0F-328D-47D0-8D95-5FB21A9390C0}
	EndGlobalSection
EndGlobal
